
Microsoft Visual Studio Solution File, Format Version 12.00
# Visual Studio Version 16
VisualStudioVersion = 16.0.29215.179
MinimumVisualStudioVersion = 10.0.40219.1
Project("{2150E333-8FDC-42A3-9474-1A3956D46DE8}") = "frontend", "frontend", "{09359444-5193-44AA-89ED-977C349914C0}"
EndProject
Project("{2150E333-8FDC-42A3-9474-1A3956D46DE8}") = "src", "src", "{1FB73088-EC5E-4EC8-B624-94A637DED9AC}"
EndProject
Project("{2150E333-8FDC-42A3-9474-1A3956D46DE8}") = "backend", "backend", "{7A2A7BBB-6D6E-4650-9E67-D0F285C406C4}"
EndProject
Project("{9A19103F-16F7-4668-BE54-9A1E7A4F7556}") = "krabs.SSO", "krabs.SSO\krabs.SSO.csproj", "{E77B0046-97B6-41CD-99F2-F6805032DA9B}"
EndProject
Project("{9A19103F-16F7-4668-BE54-9A1E7A4F7556}") = "krabs.Infrastructure.Identity", "krabs.Infrastructure.Identity\krabs.Infrastructure.Identity.csproj", "{A12DA1AB-C999-4F31-9C17-261BC8903FE6}"
EndProject
Project("{9A19103F-16F7-4668-BE54-9A1E7A4F7556}") = "krabs.Infrastructure.Identity.Config", "krabs.Infrastructure.Identity.Config\krabs.Infrastructure.Identity.Config.csproj", "{D4EEB65C-2D5B-4B0D-B562-BF01C844BD22}"
EndProject
Project("{9A19103F-16F7-4668-BE54-9A1E7A4F7556}") = "Spa", "Spa\Spa.csproj", "{417EDFE9-4B36-4F2F-99EC-FA8F473D3D6A}"
EndProject
Project("{9A19103F-16F7-4668-BE54-9A1E7A4F7556}") = "krabs.Domain", "krabs.Domain\krabs.Domain.csproj", "{44D4CC32-2400-4617-8498-A635C5A6A256}"
EndProject
Project("{9A19103F-16F7-4668-BE54-9A1E7A4F7556}") = "krabs.Services.UserManagement", "krabs.Services.UserManagement\krabs.Services.UserManagement.csproj", "{CB20426B-3310-4C3C-B29A-E8A436F4A7BB}"
EndProject
Project("{FAE04EC0-301F-11D3-BF4B-00C04F79EFBC}") = "krabs.Infrastructure.Data", "krabs.Infrastructure.Data\krabs.Infrastructure.Data.csproj", "{D9695F5D-081D-4A11-B82F-A7A1B50E18CB}"
EndProject
Project("{FAE04EC0-301F-11D3-BF4B-00C04F79EFBC}") = "krabs.Domain.Core", "krabs.Domain.Core\krabs.Domain.Core.csproj", "{5E49A077-1667-4AFF-90C1-699985ED74C2}"
EndProject
Project("{FAE04EC0-301F-11D3-BF4B-00C04F79EFBC}") = "krabs.Infrastructure.IoC", "krabs.Infrastructure.IoC\krabs.Infrastructure.IoC.csproj", "{55EBBB79-ED62-46EC-BF1F-7A0C57C4470A}"
EndProject
Project("{FAE04EC0-301F-11D3-BF4B-00C04F79EFBC}") = "krabs.Infrastructure.Bus", "krabs.Infrastructure.Bus\krabs.Infrastructure.Bus.csproj", "{357E00D1-DBA6-4D53-BA79-1582B41DAD5E}"
EndProject
Global
	GlobalSection(SolutionConfigurationPlatforms) = preSolution
		Debug|Any CPU = Debug|Any CPU
		Release|Any CPU = Release|Any CPU
	EndGlobalSection
	GlobalSection(ProjectConfigurationPlatforms) = postSolution
		{E77B0046-97B6-41CD-99F2-F6805032DA9B}.Debug|Any CPU.ActiveCfg = Debug|Any CPU
		{E77B0046-97B6-41CD-99F2-F6805032DA9B}.Debug|Any CPU.Build.0 = Debug|Any CPU
		{E77B0046-97B6-41CD-99F2-F6805032DA9B}.Release|Any CPU.ActiveCfg = Release|Any CPU
		{E77B0046-97B6-41CD-99F2-F6805032DA9B}.Release|Any CPU.Build.0 = Release|Any CPU
		{A12DA1AB-C999-4F31-9C17-261BC8903FE6}.Debug|Any CPU.ActiveCfg = Debug|Any CPU
		{A12DA1AB-C999-4F31-9C17-261BC8903FE6}.Debug|Any CPU.Build.0 = Debug|Any CPU
		{A12DA1AB-C999-4F31-9C17-261BC8903FE6}.Release|Any CPU.ActiveCfg = Release|Any CPU
		{A12DA1AB-C999-4F31-9C17-261BC8903FE6}.Release|Any CPU.Build.0 = Release|Any CPU
		{D4EEB65C-2D5B-4B0D-B562-BF01C844BD22}.Debug|Any CPU.ActiveCfg = Debug|Any CPU
		{D4EEB65C-2D5B-4B0D-B562-BF01C844BD22}.Debug|Any CPU.Build.0 = Debug|Any CPU
		{D4EEB65C-2D5B-4B0D-B562-BF01C844BD22}.Release|Any CPU.ActiveCfg = Release|Any CPU
		{D4EEB65C-2D5B-4B0D-B562-BF01C844BD22}.Release|Any CPU.Build.0 = Release|Any CPU
		{417EDFE9-4B36-4F2F-99EC-FA8F473D3D6A}.Debug|Any CPU.ActiveCfg = Debug|Any CPU
		{417EDFE9-4B36-4F2F-99EC-FA8F473D3D6A}.Debug|Any CPU.Build.0 = Debug|Any CPU
		{417EDFE9-4B36-4F2F-99EC-FA8F473D3D6A}.Release|Any CPU.ActiveCfg = Release|Any CPU
		{417EDFE9-4B36-4F2F-99EC-FA8F473D3D6A}.Release|Any CPU.Build.0 = Release|Any CPU
		{44D4CC32-2400-4617-8498-A635C5A6A256}.Debug|Any CPU.ActiveCfg = Debug|Any CPU
		{44D4CC32-2400-4617-8498-A635C5A6A256}.Debug|Any CPU.Build.0 = Debug|Any CPU
		{44D4CC32-2400-4617-8498-A635C5A6A256}.Release|Any CPU.ActiveCfg = Release|Any CPU
		{44D4CC32-2400-4617-8498-A635C5A6A256}.Release|Any CPU.Build.0 = Release|Any CPU
		{CB20426B-3310-4C3C-B29A-E8A436F4A7BB}.Debug|Any CPU.ActiveCfg = Debug|Any CPU
		{CB20426B-3310-4C3C-B29A-E8A436F4A7BB}.Debug|Any CPU.Build.0 = Debug|Any CPU
		{CB20426B-3310-4C3C-B29A-E8A436F4A7BB}.Release|Any CPU.ActiveCfg = Release|Any CPU
		{CB20426B-3310-4C3C-B29A-E8A436F4A7BB}.Release|Any CPU.Build.0 = Release|Any CPU
		{D9695F5D-081D-4A11-B82F-A7A1B50E18CB}.Debug|Any CPU.ActiveCfg = Debug|Any CPU
		{D9695F5D-081D-4A11-B82F-A7A1B50E18CB}.Debug|Any CPU.Build.0 = Debug|Any CPU
		{D9695F5D-081D-4A11-B82F-A7A1B50E18CB}.Release|Any CPU.ActiveCfg = Release|Any CPU
		{D9695F5D-081D-4A11-B82F-A7A1B50E18CB}.Release|Any CPU.Build.0 = Release|Any CPU
		{5E49A077-1667-4AFF-90C1-699985ED74C2}.Debug|Any CPU.ActiveCfg = Debug|Any CPU
		{5E49A077-1667-4AFF-90C1-699985ED74C2}.Debug|Any CPU.Build.0 = Debug|Any CPU
		{5E49A077-1667-4AFF-90C1-699985ED74C2}.Release|Any CPU.ActiveCfg = Release|Any CPU
		{5E49A077-1667-4AFF-90C1-699985ED74C2}.Release|Any CPU.Build.0 = Release|Any CPU
		{55EBBB79-ED62-46EC-BF1F-7A0C57C4470A}.Debug|Any CPU.ActiveCfg = Debug|Any CPU
		{55EBBB79-ED62-46EC-BF1F-7A0C57C4470A}.Debug|Any CPU.Build.0 = Debug|Any CPU
		{55EBBB79-ED62-46EC-BF1F-7A0C57C4470A}.Release|Any CPU.ActiveCfg = Release|Any CPU
		{55EBBB79-ED62-46EC-BF1F-7A0C57C4470A}.Release|Any CPU.Build.0 = Release|Any CPU
		{357E00D1-DBA6-4D53-BA79-1582B41DAD5E}.Debug|Any CPU.ActiveCfg = Debug|Any CPU
		{357E00D1-DBA6-4D53-BA79-1582B41DAD5E}.Debug|Any CPU.Build.0 = Debug|Any CPU
		{357E00D1-DBA6-4D53-BA79-1582B41DAD5E}.Release|Any CPU.ActiveCfg = Release|Any CPU
		{357E00D1-DBA6-4D53-BA79-1582B41DAD5E}.Release|Any CPU.Build.0 = Release|Any CPU
	EndGlobalSection
	GlobalSection(SolutionProperties) = preSolution
		HideSolutionNode = FALSE
	EndGlobalSection
	GlobalSection(NestedProjects) = preSolution
		{09359444-5193-44AA-89ED-977C349914C0} = {1FB73088-EC5E-4EC8-B624-94A637DED9AC}
		{7A2A7BBB-6D6E-4650-9E67-D0F285C406C4} = {1FB73088-EC5E-4EC8-B624-94A637DED9AC}
		{E77B0046-97B6-41CD-99F2-F6805032DA9B} = {09359444-5193-44AA-89ED-977C349914C0}
		{A12DA1AB-C999-4F31-9C17-261BC8903FE6} = {7A2A7BBB-6D6E-4650-9E67-D0F285C406C4}
		{D4EEB65C-2D5B-4B0D-B562-BF01C844BD22} = {7A2A7BBB-6D6E-4650-9E67-D0F285C406C4}
		{417EDFE9-4B36-4F2F-99EC-FA8F473D3D6A} = {09359444-5193-44AA-89ED-977C349914C0}
		{44D4CC32-2400-4617-8498-A635C5A6A256} = {7A2A7BBB-6D6E-4650-9E67-D0F285C406C4}
		{CB20426B-3310-4C3C-B29A-E8A436F4A7BB} = {7A2A7BBB-6D6E-4650-9E67-D0F285C406C4}
		{D9695F5D-081D-4A11-B82F-A7A1B50E18CB} = {7A2A7BBB-6D6E-4650-9E67-D0F285C406C4}
		{5E49A077-1667-4AFF-90C1-699985ED74C2} = {7A2A7BBB-6D6E-4650-9E67-D0F285C406C4}
		{55EBBB79-ED62-46EC-BF1F-7A0C57C4470A} = {7A2A7BBB-6D6E-4650-9E67-D0F285C406C4}
		{357E00D1-DBA6-4D53-BA79-1582B41DAD5E} = {7A2A7BBB-6D6E-4650-9E67-D0F285C406C4}
	EndGlobalSection
	GlobalSection(ExtensibilityGlobals) = postSolution
		SolutionGuid = {463F970B-BFE9-4E69-A402-E8318392034E}
	EndGlobalSection
EndGlobal
